# This file is automatically @generated by Poetry 2.1.4 and should not be changed by hand.

[[package]]
name = "filelock"
version = "3.19.1"
description = "A platform independent file lock."
optional = false
python-versions = ">=3.9"
groups = ["main"]
files = [
    {file = "filelock-3.19.1-py3-none-any.whl", hash = "sha256:d38e30481def20772f5baf097c122c3babc4fcdb7e14e57049eb9d88c6dc017d"},
    {file = "filelock-3.19.1.tar.gz", hash = "sha256:66eda1888b0171c998b35be2bcc0f6d75c388a7ce20c3f3f37aa8e96c2dddf58"},
]

[metadata]
lock-version = "2.1"
python-versions = ">=3.10"
content-hash = "3aed94d583580fd586e4fd25935c983b239b97cfe529b25b8116c07ac194854a"
